
Microsoft Visual Studio Solution File, Format Version 12.00
# Visual Studio Version 17
VisualStudioVersion = 17.2.32526.322
MinimumVisualStudioVersion = 10.0.40219.1
Project("{FAE04EC0-301F-11D3-BF4B-00C04F79EFBC}") = "DInstaller", "DInstaller\DInstaller.csproj", "{6FF66743-9355-47D7-BE4F-624CF8C0007B}"
EndProject
Global
	GlobalSection(SolutionConfigurationPlatforms) = preSolution
		Debug|Any CPU = Debug|Any CPU
		Release|Any CPU = Release|Any CPU
	EndGlobalSection
	GlobalSection(ProjectConfigurationPlatforms) = postSolution
		{6FF66743-9355-47D7-BE4F-624CF8C0007B}.Debug|Any CPU.ActiveCfg = Debug|Any CPU
		{6FF66743-9355-47D7-BE4F-624CF8C0007B}.Debug|Any CPU.Build.0 = Debug|Any CPU
		{6FF66743-9355-47D7-BE4F-624CF8C0007B}.Release|Any CPU.ActiveCfg = Release|Any CPU
		{6FF66743-9355-47D7-BE4F-624CF8C0007B}.Release|Any CPU.Build.0 = Release|Any CPU
	EndGlobalSection
	GlobalSection(SolutionProperties) = preSolution
		HideSolutionNode = FALSE
	EndGlobalSection
	GlobalSection(ExtensibilityGlobals) = postSolution
		SolutionGuid = {83B28412-4C93-4D66-AA98-76007D2A78B5}
	EndGlobalSection
EndGlobal
